PATH
  remote: .
  specs:
    async_futures (0.1.0)

GEM
  remote: https://rubygems.org/
  specs:
    ast (2.4.3)
    async (2.39.0)
      console (~> 1.29)
      fiber-annotation
      io-event (~> 1.11)
      metrics (~> 0.12)
      traces (~> 0.18)
    backport (1.2.0)
    benchmark (0.5.0)
    console (1.35.1)
      fiber-annotation
      fiber-local (~> 1.1)
      json
    date (3.5.1)
    date (3.5.1-java)
    debug (1.11.1)
      irb (~> 1.10)
      reline (>= 0.3.8)
    diff-lcs (1.6.2)
    docile (1.4.1)
    drb (2.2.3)
    erb (6.0.4)
    erb (6.0.4-java)
    fiber-annotation (0.2.0)
    fiber-local (1.1.0)
      fiber-storage
    fiber-storage (1.0.1)
    io-console (0.8.2)
    io-console (0.8.2-java)
    io-event (1.16.1)
    irb (1.18.0)
      pp (>= 0.6.0)
      prism (>= 1.3.0)
      rdoc (>= 4.0.0)
      reline (>= 0.4.2)
    jar-dependencies (0.5.7)
    jaro_winkler (1.7.0)
    jaro_winkler (1.7.0-java)
    json (2.19.5)
    json (2.19.5-java)
    kramdown (2.5.2)
      rexml (>= 3.4.4)
    kramdown-parser-gfm (1.1.0)
      kramdown (~> 2.0)
    language_server-protocol (3.17.0.5)
    lint_roller (1.1.0)
    logger (1.7.0)
    metrics (0.15.0)
    minitest (6.0.6)
      drb (~> 2.0)
      prism (~> 1.5)
    minitest-mock (5.27.0)
    nokogiri (1.19.3-arm64-darwin)
      racc (~> 1.4)
    nokogiri (1.19.3-java)
      racc (~> 1.4)
    nokogiri (1.19.3-x86_64-linux-gnu)
      racc (~> 1.4)
    observer (0.1.2)
    open3 (0.2.1)
    ostruct (0.6.3)
    parallel (2.1.0)
    parser (3.3.11.1)
      ast (~> 2.4.1)
      racc
    pp (0.6.3)
      prettyprint
    prettyprint (0.2.0)
    prism (1.9.0)
    psych (5.3.1)
      date
      stringio
    psych (5.3.1-java)
      date
      jar-dependencies (>= 0.1.7)
    racc (1.8.1)
    racc (1.8.1-java)
    rainbow (3.1.1)
    rake (13.4.2)
    rbs (3.10.4)
      logger
      tsort
    rdoc (7.2.0)
      erb
      psych (>= 4.0.0)
      tsort
    regexp_parser (2.12.0)
    reline (0.6.3)
      io-console (~> 0.5)
    reverse_markdown (3.0.2)
      nokogiri
    rexml (3.4.4)
    rubocop (1.86.1)
      json (~> 2.3)
      language_server-protocol (~> 3.17.0.2)
      lint_roller (~> 1.1.0)
      parallel (>= 1.10)
      parser (>= 3.3.0.2)
      rainbow (>= 2.2.2, < 4.0)
      regexp_parser (>= 2.9.3, < 3.0)
      rubocop-ast (>= 1.49.0, < 2.0)
      ruby-progressbar (~> 1.7)
      unicode-display_width (>= 2.4.0, < 4.0)
    rubocop-ast (1.49.1)
      parser (>= 3.3.7.2)
      prism (~> 1.7)
    rubocop-minitest (0.39.1)
      lint_roller (~> 1.1)
      rubocop (>= 1.75.0, < 2.0)
      rubocop-ast (>= 1.38.0, < 2.0)
    rubocop-rake (0.7.1)
      lint_roller (~> 1.1)
      rubocop (>= 1.72.1)
    ruby-lsp (0.26.9)
      language_server-protocol (~> 3.17.0)
      prism (>= 1.2, < 2.0)
      rbs (>= 3, < 5)
    ruby-progressbar (1.13.0)
    simplecov (0.22.0)
      docile (~> 1.1)
      simplecov-html (~> 0.11)
      simplecov_json_formatter (~> 0.1)
    simplecov-cobertura (3.1.0)
      rexml
      simplecov (~> 0.19)
    simplecov-html (0.13.2)
    simplecov_json_formatter (0.1.4)
    solargraph (0.58.3)
      ast (~> 2.4.3)
      backport (~> 1.2)
      benchmark (~> 0.4)
      bundler (>= 2.0)
      diff-lcs (~> 1.4)
      jaro_winkler (~> 1.6, >= 1.6.1)
      kramdown (~> 2.3)
      kramdown-parser-gfm (~> 1.1)
      logger (~> 1.6)
      observer (~> 0.1)
      open3 (~> 0.2.1)
      ostruct (~> 0.6)
      parser (~> 3.0)
      prism (~> 1.4)
      rbs (>= 3.6.1, <= 4.0.0.dev.4)
      reverse_markdown (~> 3.0)
      rubocop (~> 1.76)
      thor (~> 1.0)
      tilt (~> 2.0)
      yard (~> 0.9, >= 0.9.24)
      yard-activesupport-concern (~> 0.0)
      yard-solargraph (~> 0.1)
    stringio (3.2.0)
    thor (1.5.0)
    tilt (2.7.0)
    traces (0.18.2)
    tsort (0.2.0)
    unicode-display_width (3.2.0)
      unicode-emoji (~> 4.1)
    unicode-emoji (4.2.0)
    yard (0.9.43)
    yard-activesupport-concern (0.0.1)
      yard (>= 0.8)
    yard-solargraph (0.1.0)
      yard (~> 0.9)

PLATFORMS
  arm64-darwin
  universal-java
  x86_64-linux

DEPENDENCIES
  async
  async_futures!
  debug
  irb
  logger
  minitest
  minitest-mock
  rake
  rbs
  rdoc
  rubocop
  rubocop-minitest
  rubocop-rake
  ruby-lsp
  simplecov
  simplecov-cobertura
  solargraph
  yard

CHECKSUMS
  ast (2.4.3) sha256=954615157c1d6a382bc27d690d973195e79db7f55e9765ac7c481c60bdb4d383
  async (2.39.0) sha256=df18730073f2bbb45788077dfa20cb365ecc1b9453969f44de6796b5191a00aa
  async_futures (0.1.0)
  backport (1.2.0) sha256=912c7dfdd9ee4625d013ddfccb6205c3f92da69a8990f65c440e40f5b2fc7f75
  benchmark (0.5.0) sha256=465df122341aedcb81a2a24b4d3bd19b6c67c1530713fd533f3ff034e419236c
  bundler (4.0.11) sha256=5bcec0fb78302e48d02ee46f10ee6e6942be647ba5b44a6d1ddfda9a240ce785
  console (1.35.1) sha256=6d2bfdd0bc7e57830540a6c0ce3bc83fff471844db44be89a38aef9f95df296a
  date (3.5.1) sha256=750d06384d7b9c15d562c76291407d89e368dda4d4fff957eb94962d325a0dc0
  date (3.5.1-java) sha256=12e09477dc932afe45bf768cd362bf73026804e0db1e6c314186d6cd0bee3344
  debug (1.11.1) sha256=2e0b0ac6119f2207a6f8ac7d4a73ca8eb4e440f64da0a3136c30343146e952b6
  diff-lcs (1.6.2) sha256=9ae0d2cba7d4df3075fe8cd8602a8604993efc0dfa934cff568969efb1909962
  docile (1.4.1) sha256=96159be799bfa73cdb721b840e9802126e4e03dfc26863db73647204c727f21e
  drb (2.2.3) sha256=0b00d6fdb50995fe4a45dea13663493c841112e4068656854646f418fda13373
  erb (6.0.4) sha256=38e3803694be357fe2bfe312487c74beaf9fb4e5beb3e22498952fe1645b95d9
  erb (6.0.4-java) sha256=3014611d37917a20e14ea3ba71e06a8d581b71c073858d7796eeee45b01e8407
  fiber-annotation (0.2.0) sha256=7abfadf1d119f508867d4103bf231c0354d019cc39a5738945dec2edadaf6c03
  fiber-local (1.1.0) sha256=c885f94f210fb9b05737de65d511136ea602e00c5105953748aa0f8793489f06
  fiber-storage (1.0.1) sha256=f48e5b6d8b0be96dac486332b55cee82240057065dc761c1ea692b2e719240e1
  io-console (0.8.2) sha256=d6e3ae7a7cc7574f4b8893b4fca2162e57a825b223a177b7afa236c5ef9814cc
  io-console (0.8.2-java) sha256=837efefe96084c13ae91114917986ae6c6d1cf063b27b8419cc564a722a38af8
  io-event (1.16.1) sha256=641686f1e919a4890f788b86393026f8ef1394ee4af4d2ab9c24c81e237736ed
  irb (1.18.0) sha256=de9454a0703a54704b9811a5ef31a60c86949fbf4013fcf244fabc7c775248e3
  jar-dependencies (0.5.7) sha256=013ce5f4639414ac8cf1169cdbe763da164b81e2d2c983d11042b5ff7bfcce80
  jaro_winkler (1.7.0) sha256=8daa05a5cd05bf7d27c1c65caa8ab0d47c05419d80210feaa17126db24044ada
  jaro_winkler (1.7.0-java) sha256=73149faffda3dc9f4eca35b7629a311803620be7aa39e5206e9a6112f65ba567
  json (2.19.5) sha256=218a18553e4801d579ca7e0f5bc72bafd776d7397238a1fb4e74db5b0a812c59
  json (2.19.5-java) sha256=c3b74d6cee27c06713dbe8a8eb4ae0d3e6d0d090214f5068e55c01e7011c0976
  kramdown (2.5.2) sha256=1ba542204c66b6f9111ff00dcc26075b95b220b07f2905d8261740c82f7f02fa
  kramdown-parser-gfm (1.1.0) sha256=fb39745516427d2988543bf01fc4cf0ab1149476382393e0e9c48592f6581729
  language_server-protocol (3.17.0.5) sha256=fd1e39a51a28bf3eec959379985a72e296e9f9acfce46f6a79d31ca8760803cc
  lint_roller (1.1.0) sha256=2c0c845b632a7d172cb849cc90c1bce937a28c5c8ccccb50dfd46a485003cc87
  logger (1.7.0) sha256=196edec7cc44b66cfb40f9755ce11b392f21f7967696af15d274dde7edff0203
  metrics (0.15.0) sha256=61ded5bac95118e995b1bc9ed4a5f19bc9814928a312a85b200abbdac9039072
  minitest (6.0.6) sha256=153ea36d1d987a62942382b61075745042a2b3123b1cd48f4c3675af9cc7d6f1
  minitest-mock (5.27.0) sha256=7040ed7185417a966920987eaa6eaf1be4ea1fc5b25bb03ff4703f98564a55b0
  nokogiri (1.19.3-arm64-darwin) sha256=71b9bd424b1b7abc18b05052a1a3cfd3627abdca62be280854cc411791357e42
  nokogiri (1.19.3-java) sha256=40ea6ebf5cf2005dae1dee26dd557d3afb41fb6de6c9764aca8cf06fdb841db1
  nokogiri (1.19.3-x86_64-linux-gnu) sha256=2f5078620fe12e83669b5b17311b32532a8153d02eee7ad06948b926d6080976
  observer (0.1.2) sha256=d8a3107131ba661138d748e7be3dbafc0d82e732fffba9fccb3d7829880950ac
  open3 (0.2.1) sha256=8e2d7d2113526351201438c1aa35c8139f0141c9e8913baa007c898973bf3952
  ostruct (0.6.3) sha256=95a2ed4a4bd1d190784e666b47b2d3f078e4a9efda2fccf18f84ddc6538ed912
  parallel (2.1.0) sha256=b35258865c2e31134c5ecb708beaaf6772adf9d5efae28e93e99260877b09356
  parser (3.3.11.1) sha256=d17ace7aabe3e72c3cc94043714be27cc6f852f104d81aa284c2281aecc65d54
  pp (0.6.3) sha256=2951d514450b93ccfeb1df7d021cae0da16e0a7f95ee1e2273719669d0ab9df6
  prettyprint (0.2.0) sha256=2bc9e15581a94742064a3cc8b0fb9d45aae3d03a1baa6ef80922627a0766f193
  prism (1.9.0) sha256=7b530c6a9f92c24300014919c9dcbc055bf4cdf51ec30aed099b06cd6674ef85
  psych (5.3.1) sha256=eb7a57cef10c9d70173ff74e739d843ac3b2c019a003de48447b2963d81b1974
  psych (5.3.1-java) sha256=20a4a81ad01479ef060f604ed75ba42fe673169e67d923b1bae5aa4e13cc5820
  racc (1.8.1) sha256=4a7f6929691dbec8b5209a0b373bc2614882b55fc5d2e447a21aaa691303d62f
  racc (1.8.1-java) sha256=54f2e6d1e1b91c154013277d986f52a90e5ececbe91465d29172e49342732b98
  rainbow (3.1.1) sha256=039491aa3a89f42efa1d6dec2fc4e62ede96eb6acd95e52f1ad581182b79bc6a
  rake (13.4.2) sha256=cb825b2bd5f1f8e91ca37bddb4b9aaf345551b4731da62949be002fa89283701
  rbs (3.10.4) sha256=b17d7c4be4bb31a11a3b529830f0aa206a807ca42f2e7921a3027dfc6b7e5ce8
  rdoc (7.2.0) sha256=8650f76cd4009c3b54955eb5d7e3a075c60a57276766ebf36f9085e8c9f23192
  regexp_parser (2.12.0) sha256=35a916a1d63190ab5c9009457136ae5f3c0c7512d60291d0d1378ba18ce08ebb
  reline (0.6.3) sha256=1198b04973565b36ec0f11542ab3f5cfeeec34823f4e54cebde90968092b1835
  reverse_markdown (3.0.2) sha256=818ebb92ce39dbb1a291690dd1ec9a6d62530d4725296b17e9c8f668f9a5b8af
  rexml (3.4.4) sha256=19e0a2c3425dfbf2d4fc1189747bdb2f849b6c5e74180401b15734bc97b5d142
  rubocop (1.86.1) sha256=44415f3f01d01a21e01132248d2fd0867572475b566ca188a0a42133a08d4531
  rubocop-ast (1.49.1) sha256=4412f3ee70f6fe4546cc489548e0f6fcf76cafcfa80fa03af67098ffed755035
  rubocop-minitest (0.39.1) sha256=998398d6da4026d297f0f9bf709a1eac5f2b6947c24431f94af08138510cf7ed
  rubocop-rake (0.7.1) sha256=3797f2b6810c3e9df7376c26d5f44f3475eda59eb1adc38e6f62ecf027cbae4d
  ruby-lsp (0.26.9) sha256=33a01c001c00a76b4e821efc04ed7572983430f31ca5d6f3e343d0b6ccab4129
  ruby-progressbar (1.13.0) sha256=80fc9c47a9b640d6834e0dc7b3c94c9df37f08cb072b7761e4a71e22cff29b33
  simplecov (0.22.0) sha256=fe2622c7834ff23b98066bb0a854284b2729a569ac659f82621fc22ef36213a5
  simplecov-cobertura (3.1.0) sha256=6d7f38aa32c965ca2174b2e5bd88cb17138eaf629518854976ac50e628925dc5
  simplecov-html (0.13.2) sha256=bd0b8e54e7c2d7685927e8d6286466359b6f16b18cb0df47b508e8d73c777246
  simplecov_json_formatter (0.1.4) sha256=529418fbe8de1713ac2b2d612aa3daa56d316975d307244399fa4838c601b428
  solargraph (0.58.3) sha256=debefdc927d1e72383b2c4add89e71373d902b9904617efdb687749509fe2e69
  stringio (3.2.0) sha256=c37cb2e58b4ffbd33fe5cd948c05934af997b36e0b6ca6fdf43afa234cf222e1
  thor (1.5.0) sha256=e3a9e55fe857e44859ce104a84675ab6e8cd59c650a49106a05f55f136425e73
  tilt (2.7.0) sha256=0d5b9ba69f6a36490c64b0eee9f6e9aad517e20dcc848800a06eb116f08c6ab3
  traces (0.18.2) sha256=80f1649cb4daace1d7174b81f3b3b7427af0b93047759ba349960cb8f315e214
  tsort (0.2.0) sha256=9650a793f6859a43b6641671278f79cfead60ac714148aabe4e3f0060480089f
  unicode-display_width (3.2.0) sha256=0cdd96b5681a5949cdbc2c55e7b420facae74c4aaf9a9815eee1087cb1853c42
  unicode-emoji (4.2.0) sha256=519e69150f75652e40bf736106cfbc8f0f73aa3fb6a65afe62fefa7f80b0f80f
  yard (0.9.43) sha256=cf8733a8f0485df2a162927e9b5f182215a61f6d22de096b8f402c726a1c5821
  yard-activesupport-concern (0.0.1) sha256=be790cb0efc23e2e87677063598ac8b743586154657bbd9655a7f03ce78390ef
  yard-solargraph (0.1.0) sha256=a19a4619c942181a618fb9458970a9d2534cf7fda69fc43949629a7948a5930e

BUNDLED WITH
  4.0.11
